
Microsoft Visual Studio Solution File, Format Version 12.00
# Visual Studio 14
VisualStudioVersion = 14.0.24720.0
MinimumVisualStudioVersion = 10.0.40219.1
Project("{FAE04EC0-301F-11D3-BF4B-00C04F79EFBC}") = "WareHousePicker", "WareHousePicker\WareHousePicker.csproj", "{1F8162F7-7029-4350-A733-E9420AF12E14}"
EndProject
Project("{FAE04EC0-301F-11D3-BF4B-00C04F79EFBC}") = "WareHousePickerTests", "WareHousePickerTests\WareHousePickerTests.csproj", "{8F438BC9-CE1B-4EDB-BFC7-036287C839FB}"
EndProject
Global
	GlobalSection(SolutionConfigurationPlatforms) = preSolution
		Debug|Any CPU = Debug|Any CPU
		Release|Any CPU = Release|Any CPU
	EndGlobalSection
	GlobalSection(ProjectConfigurationPlatforms) = postSolution
		{1F8162F7-7029-4350-A733-E9420AF12E14}.Debug|Any CPU.ActiveCfg = Debug|Any CPU
		{1F8162F7-7029-4350-A733-E9420AF12E14}.Debug|Any CPU.Build.0 = Debug|Any CPU
		{1F8162F7-7029-4350-A733-E9420AF12E14}.Release|Any CPU.ActiveCfg = Release|Any CPU
		{1F8162F7-7029-4350-A733-E9420AF12E14}.Release|Any CPU.Build.0 = Release|Any CPU
		{8F438BC9-CE1B-4EDB-BFC7-036287C839FB}.Debug|Any CPU.ActiveCfg = Debug|Any CPU
		{8F438BC9-CE1B-4EDB-BFC7-036287C839FB}.Debug|Any CPU.Build.0 = Debug|Any CPU
		{8F438BC9-CE1B-4EDB-BFC7-036287C839FB}.Release|Any CPU.ActiveCfg = Release|Any CPU
		{8F438BC9-CE1B-4EDB-BFC7-036287C839FB}.Release|Any CPU.Build.0 = Release|Any CPU
	EndGlobalSection
	GlobalSection(SolutionProperties) = preSolution
		HideSolutionNode = FALSE
	EndGlobalSection
EndGlobal
